
Microsoft Visual Studio Solution File, Format Version 12.00
# Visual Studio Version 17
VisualStudioVersion = 17.6.33815.320
MinimumVisualStudioVersion = 10.0.40219.1
Project("{FAE04EC0-301F-11D3-BF4B-00C04F79EFBC}") = "ConsoleApp4", "ConsoleApp4\ConsoleApp4.csproj", "{69CEB259-6A3F-4045-934A-04E77D84EE3F}"
EndProject
Global
	GlobalSection(SolutionConfigurationPlatforms) = preSolution
		Debug|Any CPU = Debug|Any CPU
		Release|Any CPU = Release|Any CPU
	EndGlobalSection
	GlobalSection(ProjectConfigurationPlatforms) = postSolution
		{69CEB259-6A3F-4045-934A-04E77D84EE3F}.Debug|Any CPU.ActiveCfg = Debug|Any CPU
		{69CEB259-6A3F-4045-934A-04E77D84EE3F}.Debug|Any CPU.Build.0 = Debug|Any CPU
		{69CEB259-6A3F-4045-934A-04E77D84EE3F}.Release|Any CPU.ActiveCfg = Release|Any CPU
		{69CEB259-6A3F-4045-934A-04E77D84EE3F}.Release|Any CPU.Build.0 = Release|Any CPU
	EndGlobalSection
	GlobalSection(SolutionProperties) = preSolution
		HideSolutionNode = FALSE
	EndGlobalSection
	GlobalSection(ExtensibilityGlobals) = postSolution
		SolutionGuid = {CB6A17AE-7996-40C4-A64E-D758401DE00A}
	EndGlobalSection
EndGlobal
